
Microsoft Visual Studio Solution File, Format Version 12.00
# Visual Studio Version 17
VisualStudioVersion = 17.11.35327.3
MinimumVisualStudioVersion = 10.0.40219.1
Project("{8BC9CEB8-8B4A-11D0-8D11-00A0C91BC942}") = "BinarySearch", "BinarySearch\BinarySearch.vcxproj", "{AEC6C359-B5F5-4CF1-8A2D-1CF12B661B19}"
EndProject
Global
	GlobalSection(SolutionConfigurationPlatforms) = preSolution
		Debug|x64 = Debug|x64
		Debug|x86 = Debug|x86
		Release|x64 = Release|x64
		Release|x86 = Release|x86
	EndGlobalSection
	GlobalSection(ProjectConfigurationPlatforms) = postSolution
		{AEC6C359-B5F5-4CF1-8A2D-1CF12B661B19}.Debug|x64.ActiveCfg = Debug|x64
		{AEC6C359-B5F5-4CF1-8A2D-1CF12B661B19}.Debug|x64.Build.0 = Debug|x64
		{AEC6C359-B5F5-4CF1-8A2D-1CF12B661B19}.Debug|x86.ActiveCfg = Debug|Win32
		{AEC6C359-B5F5-4CF1-8A2D-1CF12B661B19}.Debug|x86.Build.0 = Debug|Win32
		{AEC6C359-B5F5-4CF1-8A2D-1CF12B661B19}.Release|x64.ActiveCfg = Release|x64
		{AEC6C359-B5F5-4CF1-8A2D-1CF12B661B19}.Release|x64.Build.0 = Release|x64
		{AEC6C359-B5F5-4CF1-8A2D-1CF12B661B19}.Release|x86.ActiveCfg = Release|Win32
		{AEC6C359-B5F5-4CF1-8A2D-1CF12B661B19}.Release|x86.Build.0 = Release|Win32
	EndGlobalSection
	GlobalSection(SolutionProperties) = preSolution
		HideSolutionNode = FALSE
	EndGlobalSection
	GlobalSection(ExtensibilityGlobals) = postSolution
		SolutionGuid = {BFD350C6-5FE8-4C29-8EB9-FD0BB6B95CEC}
	EndGlobalSection
EndGlobal
